{
  "buildHash": "331395a4708e9b602b26787c9e795aef",
  "jsApi": {
    "apiInstances": [
      "Comparable Tag",
      "Scan TagQuery"
    ],
    "apiAliases": {},
    "apiInterfaces": {},
    "apiNames": {
      "_isPrefixOf": "List String -> Tag -> Boolean",
      "src/Tag.mad#relateTags": "List Tag -> Tag -> List Tag",
      "mapQuery": "(Tag -> Tag) -> TagQuery -> TagQuery",
      "src/Tag.mad#difference": "Tag -> Tag -> List String",
      "queryFromString": "String -> Maybe TagQuery",
      "src/Tag.mad#root": "Tag -> Maybe String",
      "_createExact": "List String -> TagQuery",
      "src/Tag.mad#create": "List String -> Tag",
      "src/Tag.mad#scopeAt": "Integer -> Tag -> Maybe String",
      "src/List.mad#divergeBy": "Eq a => (a -> b -> Boolean) -> List a -> List b -> List #[Maybe a, Maybe b]",
      "src/Tag.mad#relateManyTags": "List Tag -> List Tag -> List (List Tag)",
      "src/Tag.mad#focus": "Tag -> Maybe String",
      "src/Tag.mad#many": "List (List String) -> List Tag",
      "create": "List (List String) -> a -> Tagged a",
      "tagApplies": "Tag -> TagQuery -> Boolean",
      "src/Tag.mad#_enscope": "(List String -> a) -> Tag -> a",
      "queryAppliesTo": "TagQuery -> Boolean",
      "src/Tag.mad#relate": "List Tag -> Tag -> List Float",
      "src/Tag.mad#length": "Tag -> Integer",
      "src/Tag.mad#affinity": "Tag -> Tag -> Float",
      "queries": "Tagged a -> List TagQuery",
      "fromString": "String -> List (Maybe TagQuery)",
      "filterByQuery": "Tag -> List (Tagged a) -> List (Tagged a)",
      "src/Tag.mad#equals": "Tag -> Tag -> Boolean",
      "src/Tag.mad#overlap": "Tag -> Tag -> List String",
      "_dropFinalStars": "List String -> List String",
      "src/Tag.mad#render": "Tag -> String",
      "src/Tag.mad#_alphasortString": "String -> String -> Comparison",
      "src/List.mad#diverge": "Eq a => List a -> List a -> List #[Maybe a, Maybe a]",
      "src/Tag.mad#isRootSibling": "Tag -> Tag -> Boolean",
      "src/Tag.mad#fold": "(String -> List String -> Boolean) -> Tag -> Tag -> List String",
      "src/Tag.mad#isBand": "Tag -> Boolean",
      "src/Tag.mad#_compareLists": "List String -> List String -> Comparison",
      "src/Tag.mad#toList": "Tag -> List String",
      "subject": "Tagged a -> a",
      "src/Tag.mad#compareTag": "Tag -> Tag -> Comparison",
      "mapQueries": "(List TagQuery -> List TagQuery) -> Tagged a -> Tagged a",
      "src/Tag.mad#isRelative": "Tag -> Tag -> Boolean",
      "matchingTag": "Tag -> Tagged a -> Boolean"
    },
    "apiTypes": {
      "Tagged a": [
        "Tagged (List TagQuery) a"
      ],
      "TagQuery": [
        "NoTags",
        "ExactQuery Tag",
        "InvertQuery Tag",
        "AnyTag"
      ],
      "src/Tag.mad#Tag": [
        "NoTag",
        "Tag (List String)"
      ]
    }
  },
  "llvmApi": {
    "apiInstances": [
      "Comparable Tag",
      "Scan TagQuery"
    ],
    "apiAliases": {},
    "apiInterfaces": {},
    "apiNames": {
      "_isPrefixOf": "List String -> Tag -> Boolean",
      "src/Tag.mad#relateTags": "List Tag -> Tag -> List Tag",
      "mapQuery": "(Tag -> Tag) -> TagQuery -> TagQuery",
      "src/Tag.mad#difference": "Tag -> Tag -> List String",
      "queryFromString": "String -> Maybe TagQuery",
      "src/Tag.mad#root": "Tag -> Maybe String",
      "_createExact": "List String -> TagQuery",
      "src/Tag.mad#create": "List String -> Tag",
      "src/Tag.mad#scopeAt": "Integer -> Tag -> Maybe String",
      "src/List.mad#divergeBy": "Eq a => (a -> b -> Boolean) -> List a -> List b -> List #[Maybe a, Maybe b]",
      "src/Tag.mad#relateManyTags": "List Tag -> List Tag -> List (List Tag)",
      "src/Tag.mad#focus": "Tag -> Maybe String",
      "src/Tag.mad#many": "List (List String) -> List Tag",
      "create": "List (List String) -> a -> Tagged a",
      "tagApplies": "Tag -> TagQuery -> Boolean",
      "src/Tag.mad#_enscope": "(List String -> a) -> Tag -> a",
      "queryAppliesTo": "TagQuery -> Boolean",
      "src/Tag.mad#relate": "List Tag -> Tag -> List Float",
      "src/Tag.mad#length": "Tag -> Integer",
      "src/Tag.mad#affinity": "Tag -> Tag -> Float",
      "queries": "Tagged a -> List TagQuery",
      "fromString": "String -> List (Maybe TagQuery)",
      "filterByQuery": "Tag -> List (Tagged a) -> List (Tagged a)",
      "src/Tag.mad#equals": "Tag -> Tag -> Boolean",
      "src/Tag.mad#overlap": "Tag -> Tag -> List String",
      "_dropFinalStars": "List String -> List String",
      "src/Tag.mad#render": "Tag -> String",
      "src/Tag.mad#_alphasortString": "String -> String -> Comparison",
      "src/List.mad#diverge": "Eq a => List a -> List a -> List #[Maybe a, Maybe a]",
      "src/Tag.mad#isRootSibling": "Tag -> Tag -> Boolean",
      "src/Tag.mad#fold": "(String -> List String -> Boolean) -> Tag -> Tag -> List String",
      "src/Tag.mad#isBand": "Tag -> Boolean",
      "src/Tag.mad#_compareLists": "List String -> List String -> Comparison",
      "src/Tag.mad#toList": "Tag -> List String",
      "subject": "Tagged a -> a",
      "src/Tag.mad#compareTag": "Tag -> Tag -> Comparison",
      "mapQueries": "(List TagQuery -> List TagQuery) -> Tagged a -> Tagged a",
      "src/Tag.mad#isRelative": "Tag -> Tag -> Boolean",
      "matchingTag": "Tag -> Tagged a -> Boolean"
    },
    "apiTypes": {
      "Tagged a": [
        "Tagged (List TagQuery) a"
      ],
      "TagQuery": [
        "NoTags",
        "ExactQuery Tag",
        "InvertQuery Tag",
        "AnyTag"
      ],
      "src/Tag.mad#Tag": [
        "NoTag",
        "Tag (List String)"
      ]
    }
  },
  "versionHash": "d233662f9c26d1a06118c93ef2fd1de9"
}
