{
  "buildHash": "28c12a36ea52c884fc06b4b5a5dff4ed",
  "jsApi": {
    "apiInstances": [
      "Scan TagQuery",
      "Comparable Tag"
    ],
    "apiAliases": {},
    "apiInterfaces": {},
    "apiNames": {
      "src/Tag.mad#relateTags": "List Tag -> Tag -> List Tag",
      "src/Tag.mad#lookupTable": "String -> List Tag -> Dictionary Byte (List #[Tag, String])",
      "src/Tag.mad#difference": "Tag -> Tag -> List String",
      "src/Tag.mad#root": "Tag -> Maybe String",
      "src/Tag.mad#create": "List String -> Tag",
      "src/Tag.mad#scopeAt": "Integer -> Tag -> Maybe String",
      "src/List.mad#divergeBy": "Eq a => (a -> b -> Boolean) -> List a -> List b -> List #[Maybe a, Maybe b]",
      "src/Tag.mad#relateManyTags": "List Tag -> List Tag -> List (List Tag)",
      "src/Tag.mad#focus": "Tag -> Maybe String",
      "createTag": "List String -> Tag",
      "src/Tag.mad#many": "List (List String) -> List Tag",
      "src/Tagged.mad#_isPrefixOf": "List String -> Tag -> Boolean",
      "NoTag": "List String -> Tag",
      "src/Tag.mad#_unlawfulCompareTagByAffinity": "Tag -> Tag -> Comparison",
      "src/Tag.mad#_enscope": "(List String -> a) -> Tag -> a",
      "src/Tagged.mad#fromString": "String -> List (Maybe TagQuery)",
      "src/Tag.mad#fuzzyFilter": "Dictionary a (List #[Tag, b]) -> List Tag",
      "src/Tagged.mad#subject": "Tagged a -> a",
      "src/Tagged.mad#queries": "Tagged a -> List TagQuery",
      "src/Tagged.mad#tagApplies": "Tag -> TagQuery -> Boolean",
      "Tag": "List String -> Tag",
      "ExactQuery": "Tag -> TagQuery",
      "src/Tag.mad#relate": "List Tag -> Tag -> List Float",
      "src/Tagged.mad#queryAppliesTo": "TagQuery -> Boolean",
      "src/Tag.mad#length": "Tag -> Integer",
      "src/Tag.mad#affinity": "Tag -> Tag -> Float",
      "src/Tag.mad#lookupTableWithConfig": "{ useDamerau :: Boolean, weights :: { delete :: Byte, insert :: Byte, substitute :: Byte } } -> String -> List Tag -> Dictionary Byte (List #[Tag, String])",
      "src/Tagged.mad#filterByQuery": "Tag -> List (Tagged a) -> List (Tagged a)",
      "InvertQuery": "Tag -> TagQuery",
      "filterByQuery": "Tag -> List (Tagged a) -> List (Tagged a)",
      "AnyTag": "TagQuery",
      "src/Tag.mad#equals": "Tag -> Tag -> Boolean",
      "src/Tag.mad#_flatLookupTableWithConfig": "{ useDamerau :: Boolean, weights :: { delete :: Byte, insert :: Byte, substitute :: Byte } } -> String -> List Tag -> List #[Tag, #[Byte, List String]]",
      "src/Tag.mad#overlap": "Tag -> Tag -> List String",
      "src/Tagged.mad#_createExact": "List String -> TagQuery",
      "NoTags": "TagQuery",
      "src/Tagged.mad#create": "List (List String) -> a -> Tagged a",
      "src/Tagged.mad#mapQueries": "(List TagQuery -> List TagQuery) -> Tagged a -> Tagged a",
      "src/Tagged.mad#queryFromString": "String -> Maybe TagQuery",
      "createTagged": "List (List String) -> a -> Tagged a",
      "src/Tag.mad#render": "Tag -> String",
      "src/Tag.mad#_alphasortString": "String -> String -> Comparison",
      "src/Tagged.mad#matchingTag": "Tag -> Tagged a -> Boolean",
      "src/Tagged.mad#_dropFinalStars": "List String -> List String",
      "src/Tagged.mad#mapQuery": "(Tag -> Tag) -> TagQuery -> TagQuery",
      "src/Tag.mad#fuzzy": "String -> List Tag -> List Tag",
      "src/List.mad#diverge": "Eq a => List a -> List a -> List #[Maybe a, Maybe a]",
      "src/Tag.mad#isRootSibling": "Tag -> Tag -> Boolean",
      "src/Tag.mad#fold": "(String -> List String -> Boolean) -> Tag -> Tag -> List String",
      "src/Tag.mad#isBand": "Tag -> Boolean",
      "src/Tag.mad#_compareLists": "List String -> List String -> Comparison",
      "src/Tag.mad#toList": "Tag -> List String",
      "src/Tag.mad#compareTag": "Tag -> Tag -> Comparison",
      "src/Tag.mad#isRelative": "Tag -> Tag -> Boolean",
      "src/Tag.mad#unlawfulFuzzyWithConfig": "{ useDamerau :: Boolean, weights :: { delete :: Byte, insert :: Byte, substitute :: Byte } } -> String -> List Tag -> List Tag",
      "src/Tag.mad#lookupTableWithConfigAndBase": "Dictionary Byte (List #[Tag, String]) -> { useDamerau :: Boolean, weights :: { delete :: Byte, insert :: Byte, substitute :: Byte } } -> String -> List Tag -> Dictionary Byte (List #[Tag, String])"
    },
    "apiTypes": {
      "src/Tagged.mad#TagQuery": [
        "NoTags",
        "ExactQuery Tag",
        "InvertQuery Tag",
        "AnyTag"
      ],
      "src/Tag.mad#Tag": [
        "NoTag",
        "Tag (List String)"
      ],
      "src/Tagged.mad#Tagged a": [
        "Tagged (List TagQuery) a"
      ]
    }
  },
  "llvmApi": {
    "apiInstances": [
      "Scan TagQuery",
      "Comparable Tag"
    ],
    "apiAliases": {},
    "apiInterfaces": {},
    "apiNames": {
      "src/Tag.mad#relateTags": "List Tag -> Tag -> List Tag",
      "src/Tag.mad#lookupTable": "String -> List Tag -> Dictionary Byte (List #[Tag, String])",
      "src/Tag.mad#difference": "Tag -> Tag -> List String",
      "src/Tag.mad#root": "Tag -> Maybe String",
      "src/Tag.mad#create": "List String -> Tag",
      "src/Tag.mad#scopeAt": "Integer -> Tag -> Maybe String",
      "src/List.mad#divergeBy": "Eq a => (a -> b -> Boolean) -> List a -> List b -> List #[Maybe a, Maybe b]",
      "src/Tag.mad#relateManyTags": "List Tag -> List Tag -> List (List Tag)",
      "src/Tag.mad#focus": "Tag -> Maybe String",
      "createTag": "List String -> Tag",
      "src/Tag.mad#many": "List (List String) -> List Tag",
      "src/Tagged.mad#_isPrefixOf": "List String -> Tag -> Boolean",
      "NoTag": "List String -> Tag",
      "src/Tag.mad#_unlawfulCompareTagByAffinity": "Tag -> Tag -> Comparison",
      "src/Tag.mad#_enscope": "(List String -> a) -> Tag -> a",
      "src/Tagged.mad#fromString": "String -> List (Maybe TagQuery)",
      "src/Tag.mad#fuzzyFilter": "Dictionary a (List #[Tag, b]) -> List Tag",
      "src/Tagged.mad#subject": "Tagged a -> a",
      "src/Tagged.mad#queries": "Tagged a -> List TagQuery",
      "src/Tagged.mad#tagApplies": "Tag -> TagQuery -> Boolean",
      "Tag": "List String -> Tag",
      "ExactQuery": "Tag -> TagQuery",
      "src/Tag.mad#relate": "List Tag -> Tag -> List Float",
      "src/Tagged.mad#queryAppliesTo": "TagQuery -> Boolean",
      "src/Tag.mad#length": "Tag -> Integer",
      "src/Tag.mad#affinity": "Tag -> Tag -> Float",
      "src/Tag.mad#lookupTableWithConfig": "{ useDamerau :: Boolean, weights :: { delete :: Byte, insert :: Byte, substitute :: Byte } } -> String -> List Tag -> Dictionary Byte (List #[Tag, String])",
      "src/Tagged.mad#filterByQuery": "Tag -> List (Tagged a) -> List (Tagged a)",
      "InvertQuery": "Tag -> TagQuery",
      "filterByQuery": "Tag -> List (Tagged a) -> List (Tagged a)",
      "AnyTag": "TagQuery",
      "src/Tag.mad#equals": "Tag -> Tag -> Boolean",
      "src/Tag.mad#_flatLookupTableWithConfig": "{ useDamerau :: Boolean, weights :: { delete :: Byte, insert :: Byte, substitute :: Byte } } -> String -> List Tag -> List #[Tag, #[Byte, List String]]",
      "src/Tag.mad#overlap": "Tag -> Tag -> List String",
      "src/Tagged.mad#_createExact": "List String -> TagQuery",
      "NoTags": "TagQuery",
      "src/Tagged.mad#create": "List (List String) -> a -> Tagged a",
      "src/Tagged.mad#mapQueries": "(List TagQuery -> List TagQuery) -> Tagged a -> Tagged a",
      "src/Tagged.mad#queryFromString": "String -> Maybe TagQuery",
      "createTagged": "List (List String) -> a -> Tagged a",
      "src/Tag.mad#render": "Tag -> String",
      "src/Tag.mad#_alphasortString": "String -> String -> Comparison",
      "src/Tagged.mad#matchingTag": "Tag -> Tagged a -> Boolean",
      "src/Tagged.mad#_dropFinalStars": "List String -> List String",
      "src/Tagged.mad#mapQuery": "(Tag -> Tag) -> TagQuery -> TagQuery",
      "src/Tag.mad#fuzzy": "String -> List Tag -> List Tag",
      "src/List.mad#diverge": "Eq a => List a -> List a -> List #[Maybe a, Maybe a]",
      "src/Tag.mad#isRootSibling": "Tag -> Tag -> Boolean",
      "src/Tag.mad#fold": "(String -> List String -> Boolean) -> Tag -> Tag -> List String",
      "src/Tag.mad#isBand": "Tag -> Boolean",
      "src/Tag.mad#_compareLists": "List String -> List String -> Comparison",
      "src/Tag.mad#toList": "Tag -> List String",
      "src/Tag.mad#compareTag": "Tag -> Tag -> Comparison",
      "src/Tag.mad#isRelative": "Tag -> Tag -> Boolean",
      "src/Tag.mad#unlawfulFuzzyWithConfig": "{ useDamerau :: Boolean, weights :: { delete :: Byte, insert :: Byte, substitute :: Byte } } -> String -> List Tag -> List Tag",
      "src/Tag.mad#lookupTableWithConfigAndBase": "Dictionary Byte (List #[Tag, String]) -> { useDamerau :: Boolean, weights :: { delete :: Byte, insert :: Byte, substitute :: Byte } } -> String -> List Tag -> Dictionary Byte (List #[Tag, String])"
    },
    "apiTypes": {
      "src/Tagged.mad#TagQuery": [
        "NoTags",
        "ExactQuery Tag",
        "InvertQuery Tag",
        "AnyTag"
      ],
      "src/Tag.mad#Tag": [
        "NoTag",
        "Tag (List String)"
      ],
      "src/Tagged.mad#Tagged a": [
        "Tagged (List TagQuery) a"
      ]
    }
  },
  "versionHash": "47cd76e43f74bbc2e1baaf194d07e1fa"
}
